
Microsoft Visual Studio Solution File, Format Version 12.00
# Visual Studio 15
VisualStudioVersion = 15.0.28307.852
MinimumVisualStudioVersion = 10.0.40219.1
Project("{FAE04EC0-301F-11D3-BF4B-00C04F79EFBC}") = "SpecFlow3Test", "SpecFlow3Test\SpecFlow3Test.csproj", "{A92BC91C-13B6-4EFB-A226-C9FD764B12D4}"
EndProject
Global
	GlobalSection(SolutionConfigurationPlatforms) = preSolution
		Debug|Any CPU = Debug|Any CPU
		Release|Any CPU = Release|Any CPU
	EndGlobalSection
	GlobalSection(ProjectConfigurationPlatforms) = postSolution
		{A92BC91C-13B6-4EFB-A226-C9FD764B12D4}.Debug|Any CPU.ActiveCfg = Debug|Any CPU
		{A92BC91C-13B6-4EFB-A226-C9FD764B12D4}.Debug|Any CPU.Build.0 = Debug|Any CPU
		{A92BC91C-13B6-4EFB-A226-C9FD764B12D4}.Release|Any CPU.ActiveCfg = Release|Any CPU
		{A92BC91C-13B6-4EFB-A226-C9FD764B12D4}.Release|Any CPU.Build.0 = Release|Any CPU
	EndGlobalSection
	GlobalSection(SolutionProperties) = preSolution
		HideSolutionNode = FALSE
	EndGlobalSection
	GlobalSection(ExtensibilityGlobals) = postSolution
		SolutionGuid = {312A7859-0E7C-45A8-BB04-7571A7D5E57D}
	EndGlobalSection
EndGlobal
